
Microsoft Visual Studio Solution File, Format Version 12.00
# Visual Studio 2012
Project("{FAE04EC0-301F-11D3-BF4B-00C04F79EFBC}") = "WolframAlpha", "WolframAlpha\WolframAlpha.csproj", "{096CAD64-D0B5-41F5-B11D-4486B990D1B7}"
EndProject
Global
	GlobalSection(SolutionConfigurationPlatforms) = preSolution
		Debug|Any CPU = Debug|Any CPU
		Release|Any CPU = Release|Any CPU
	EndGlobalSection
	GlobalSection(ProjectConfigurationPlatforms) = postSolution
		{096CAD64-D0B5-41F5-B11D-4486B990D1B7}.Debug|Any CPU.ActiveCfg = Debug|Any CPU
		{096CAD64-D0B5-41F5-B11D-4486B990D1B7}.Debug|Any CPU.Build.0 = Debug|Any CPU
		{096CAD64-D0B5-41F5-B11D-4486B990D1B7}.Release|Any CPU.ActiveCfg = Release|Any CPU
		{096CAD64-D0B5-41F5-B11D-4486B990D1B7}.Release|Any CPU.Build.0 = Release|Any CPU
	EndGlobalSection
	GlobalSection(SolutionProperties) = preSolution
		HideSolutionNode = FALSE
	EndGlobalSection
EndGlobal
