
Microsoft Visual Studio Solution File, Format Version 12.00
# Visual Studio 2012
Project("{FAE04EC0-301F-11D3-BF4B-00C04F79EFBC}") = "WolframAlpha", "WolframAlpha\WolframAlpha.csproj", "{096CAD64-D0B5-41F5-B11D-4486B990D1B7}"
EndProject
Project("{FAE04EC0-301F-11D3-BF4B-00C04F79EFBC}") = "WolframTesting", "WolframTesting\WolframTesting.csproj", "{AB167843-B21C-4ECE-ABF9-A81D232FB79A}"
EndProject
Project("{FAE04EC0-301F-11D3-BF4B-00C04F79EFBC}") = "WolframAlphaWinforms", "WolframAlphaWinforms\WolframAlphaWinforms.csproj", "{D50E1F31-13BF-4424-BFAA-F9BD29E6F7B3}"
EndProject
Global
	GlobalSection(SolutionConfigurationPlatforms) = preSolution
		Debug|Any CPU = Debug|Any CPU
		Release|Any CPU = Release|Any CPU
	EndGlobalSection
	GlobalSection(ProjectConfigurationPlatforms) = postSolution
		{096CAD64-D0B5-41F5-B11D-4486B990D1B7}.Debug|Any CPU.ActiveCfg = Debug|Any CPU
		{096CAD64-D0B5-41F5-B11D-4486B990D1B7}.Debug|Any CPU.Build.0 = Debug|Any CPU
		{096CAD64-D0B5-41F5-B11D-4486B990D1B7}.Release|Any CPU.ActiveCfg = Release|Any CPU
		{096CAD64-D0B5-41F5-B11D-4486B990D1B7}.Release|Any CPU.Build.0 = Release|Any CPU
		{AB167843-B21C-4ECE-ABF9-A81D232FB79A}.Debug|Any CPU.ActiveCfg = Debug|Any CPU
		{AB167843-B21C-4ECE-ABF9-A81D232FB79A}.Debug|Any CPU.Build.0 = Debug|Any CPU
		{AB167843-B21C-4ECE-ABF9-A81D232FB79A}.Release|Any CPU.ActiveCfg = Release|Any CPU
		{AB167843-B21C-4ECE-ABF9-A81D232FB79A}.Release|Any CPU.Build.0 = Release|Any CPU
		{D50E1F31-13BF-4424-BFAA-F9BD29E6F7B3}.Debug|Any CPU.ActiveCfg = Debug|Any CPU
		{D50E1F31-13BF-4424-BFAA-F9BD29E6F7B3}.Debug|Any CPU.Build.0 = Debug|Any CPU
		{D50E1F31-13BF-4424-BFAA-F9BD29E6F7B3}.Release|Any CPU.ActiveCfg = Release|Any CPU
		{D50E1F31-13BF-4424-BFAA-F9BD29E6F7B3}.Release|Any CPU.Build.0 = Release|Any CPU
	EndGlobalSection
	GlobalSection(SolutionProperties) = preSolution
		HideSolutionNode = FALSE
	EndGlobalSection
EndGlobal
